
Microsoft Visual Studio Solution File, Format Version 12.00
# Visual Studio Version 17
VisualStudioVersion = 17.1.32421.90
MinimumVisualStudioVersion = 10.0.40219.1
Project("{FAE04EC0-301F-11D3-BF4B-00C04F79EFBC}") = "WholesomeDungeonCrawler", "WholesomeDungeonCrawler.csproj", "{007E1DBC-1FBE-43AA-A97E-D4F3B442C466}"
EndProject
Global
	GlobalSection(SolutionConfigurationPlatforms) = preSolution
		Debug|Any CPU = Debug|Any CPU
		Release|Any CPU = Release|Any CPU
	EndGlobalSection
	GlobalSection(ProjectConfigurationPlatforms) = postSolution
		{007E1DBC-1FBE-43AA-A97E-D4F3B442C466}.Debug|Any CPU.ActiveCfg = Debug|Any CPU
		{007E1DBC-1FBE-43AA-A97E-D4F3B442C466}.Debug|Any CPU.Build.0 = Debug|Any CPU
		{007E1DBC-1FBE-43AA-A97E-D4F3B442C466}.Release|Any CPU.ActiveCfg = Release|Any CPU
		{007E1DBC-1FBE-43AA-A97E-D4F3B442C466}.Release|Any CPU.Build.0 = Release|Any CPU
	EndGlobalSection
	GlobalSection(SolutionProperties) = preSolution
		HideSolutionNode = FALSE
	EndGlobalSection
	GlobalSection(ExtensibilityGlobals) = postSolution
		SolutionGuid = {88A1E768-CAAD-4147-8249-450D9B6C153C}
	EndGlobalSection
EndGlobal
